// !$*UTF8*$!
{
	archiveVersion = 1;
	classes = {
	};
	objectVersion = 56;
	objects = {

/* Begin PBXBuildFile section */
		0B1CADE52BFF052300B5E5FD /* DesignationTableViewCell.swift in Sources */ = {isa = PBXBuildFile; fileRef = 0B1CADE32BFF052300B5E5FD /* DesignationTableViewCell.swift */; };
		0B1CADE62BFF052300B5E5FD /* DesignationTableViewCell.xib in Resources */ = {isa = PBXBuildFile; fileRef = 0B1CADE42BFF052300B5E5FD /* DesignationTableViewCell.xib */; };
		0B1CADE82BFF11D000B5E5FD /* DesignationsData.swift in Sources */ = {isa = PBXBuildFile; fileRef = 0B1CADE72BFF11D000B5E5FD /* DesignationsData.swift */; };
		0B2D19612BFF46E400D6EE59 /* ChangePasswordVC.swift in Sources */ = {isa = PBXBuildFile; fileRef = 0B2D195F2BFF46E400D6EE59 /* ChangePasswordVC.swift */; };
		0B2D19622BFF46E400D6EE59 /* ChangePasswordVC.xib in Resources */ = {isa = PBXBuildFile; fileRef = 0B2D19602BFF46E400D6EE59 /* ChangePasswordVC.xib */; };
		0B2E86842C08478A006FDA8F /* DocumentsTableCell.swift in Sources */ = {isa = PBXBuildFile; fileRef = 0B2E86822C08478A006FDA8F /* DocumentsTableCell.swift */; };
		0B2E86852C08478A006FDA8F /* DocumentsTableCell.xib in Resources */ = {isa = PBXBuildFile; fileRef = 0B2E86832C08478A006FDA8F /* DocumentsTableCell.xib */; };
		0B2E86882C08565B006FDA8F /* SalaryDetailsViewController.swift in Sources */ = {isa = PBXBuildFile; fileRef = 0B2E86862C08565B006FDA8F /* SalaryDetailsViewController.swift */; };
		0B2E86892C08565B006FDA8F /* SalaryDetailsViewController.xib in Resources */ = {isa = PBXBuildFile; fileRef = 0B2E86872C08565B006FDA8F /* SalaryDetailsViewController.xib */; };
		0B2E868E2C085F60006FDA8F /* SalaryReciptsTableViewCell.swift in Sources */ = {isa = PBXBuildFile; fileRef = 0B2E868C2C085F60006FDA8F /* SalaryReciptsTableViewCell.swift */; };
		0B2E868F2C085F60006FDA8F /* SalaryReciptsTableViewCell.xib in Resources */ = {isa = PBXBuildFile; fileRef = 0B2E868D2C085F60006FDA8F /* SalaryReciptsTableViewCell.xib */; };
		0B3330B82BFDD11E0005BE3C /* PersonalDetials.swift in Sources */ = {isa = PBXBuildFile; fileRef = 0B3330B72BFDD11E0005BE3C /* PersonalDetials.swift */; };
		0B3330BC2BFDD2C10005BE3C /* PersonalDetailsTableViewCell.swift in Sources */ = {isa = PBXBuildFile; fileRef = 0B3330BA2BFDD2C10005BE3C /* PersonalDetailsTableViewCell.swift */; };
		0B3330BD2BFDD2C10005BE3C /* PersonalDetailsTableViewCell.xib in Resources */ = {isa = PBXBuildFile; fileRef = 0B3330BB2BFDD2C10005BE3C /* PersonalDetailsTableViewCell.xib */; };
		0B3B35092C00633900225C1D /* PasswordVarificationPopUpVC.swift in Sources */ = {isa = PBXBuildFile; fileRef = 0B3B35072C00633900225C1D /* PasswordVarificationPopUpVC.swift */; };
		0B3B350A2C00633900225C1D /* PasswordVarificationPopUpVC.xib in Resources */ = {isa = PBXBuildFile; fileRef = 0B3B35082C00633900225C1D /* PasswordVarificationPopUpVC.xib */; };
		0B3F2FB32C05A85D0082E748 /* APICallFunctions.swift in Sources */ = {isa = PBXBuildFile; fileRef = 0B3F2FB22C05A85D0082E748 /* APICallFunctions.swift */; };
		0B40316A2BA94FC6005B9489 /* OTPDigitvalidationView.swift in Sources */ = {isa = PBXBuildFile; fileRef = 0B4031692BA94FC6005B9489 /* OTPDigitvalidationView.swift */; };
		0B40316C2BA94FFD005B9489 /* OTPDigitvalidationView.xib in Resources */ = {isa = PBXBuildFile; fileRef = 0B40316B2BA94FFD005B9489 /* OTPDigitvalidationView.xib */; };
		0B4031722BA96CDF005B9489 /* otptest.swift in Sources */ = {isa = PBXBuildFile; fileRef = 0B4031712BA96CDF005B9489 /* otptest.swift */; };
		0B4031762BA9B273005B9489 /* NewPasswordVC.swift in Sources */ = {isa = PBXBuildFile; fileRef = 0B4031752BA9B273005B9489 /* NewPasswordVC.swift */; };
		0B405B9F2B84A5CE00E6C210 /* CollectionViewCell.swift in Sources */ = {isa = PBXBuildFile; fileRef = 0B405B9D2B84A5CE00E6C210 /* CollectionViewCell.swift */; };
		0B405BA02B84A5CE00E6C210 /* CollectionViewCell.xib in Resources */ = {isa = PBXBuildFile; fileRef = 0B405B9E2B84A5CE00E6C210 /* CollectionViewCell.xib */; };
		0B40F41B2B91E31A0041C00B /* LeaveRequestVC.swift in Sources */ = {isa = PBXBuildFile; fileRef = 0B40F41A2B91E31A0041C00B /* LeaveRequestVC.swift */; };
		0B4268E62B8729CE00868118 /* TitleTopView.xib in Resources */ = {isa = PBXBuildFile; fileRef = 0B4268E52B8729CE00868118 /* TitleTopView.xib */; };
		0B4268E82B8729E600868118 /* TitleTopView.swift in Sources */ = {isa = PBXBuildFile; fileRef = 0B4268E72B8729E600868118 /* TitleTopView.swift */; };
		0B4FC3C82B95840C00F69EF1 /* TableViewCell.swift in Sources */ = {isa = PBXBuildFile; fileRef = 0B4FC3C62B95840C00F69EF1 /* TableViewCell.swift */; };
		0B4FC3C92B95840C00F69EF1 /* TableViewCell.xib in Resources */ = {isa = PBXBuildFile; fileRef = 0B4FC3C72B95840C00F69EF1 /* TableViewCell.xib */; };
		0B52A7F22B85E74200FE0CAF /* menuIteam.swift in Sources */ = {isa = PBXBuildFile; fileRef = 0B52A7F12B85E74200FE0CAF /* menuIteam.swift */; };
		0B5E74D72C09ACEA00FEC3D1 /* VariableTextsize.swift in Sources */ = {isa = PBXBuildFile; fileRef = 0B5E74D62C09ACEA00FEC3D1 /* VariableTextsize.swift */; };
		0B5E7BA42BC3FD63007982A4 /* loginCheck.swift in Sources */ = {isa = PBXBuildFile; fileRef = 0B5E7BA32BC3FD63007982A4 /* loginCheck.swift */; };
		0B61BF1B2C04928C00F2404F /* imageAPI.swift in Sources */ = {isa = PBXBuildFile; fileRef = 0B61BF1A2C04928C00F2404F /* imageAPI.swift */; };
		0B7580662BA83E4D00366E7C /* VerificationViewController.swift in Sources */ = {isa = PBXBuildFile; fileRef = 0B7580652BA83E4D00366E7C /* VerificationViewController.swift */; };
		0B7DBCE12B8352D90072EF55 /* LoginValidation.swift in Sources */ = {isa = PBXBuildFile; fileRef = 0B7DBCE02B8352D90072EF55 /* LoginValidation.swift */; };
		0B7DBCE32B836BAD0072EF55 /* ProfileMenuVC.swift in Sources */ = {isa = PBXBuildFile; fileRef = 0B7DBCE22B836BAD0072EF55 /* ProfileMenuVC.swift */; };
		0B7DBCE52B8379790072EF55 /* UIExtensions.swift in Sources */ = {isa = PBXBuildFile; fileRef = 0B7DBCE42B8379790072EF55 /* UIExtensions.swift */; };
		0B8151FA2BA4133F00CC74FE /* headingAndPhotoView.swift in Sources */ = {isa = PBXBuildFile; fileRef = 0B8151F92BA4133F00CC74FE /* headingAndPhotoView.swift */; };
		0B8151FC2BA4136500CC74FE /* headingAndPhotoView.xib in Resources */ = {isa = PBXBuildFile; fileRef = 0B8151FB2BA4136500CC74FE /* headingAndPhotoView.xib */; };
		0B857DCE2BA313FE00513680 /* ForgotPasswordViewController.swift in Sources */ = {isa = PBXBuildFile; fileRef = 0B857DCD2BA313FE00513680 /* ForgotPasswordViewController.swift */; };
		0B8A1F6E2BFB0E3500E40986 /* PersonalDetailsVC.swift in Sources */ = {isa = PBXBuildFile; fileRef = 0B8A1F6D2BFB0E3500E40986 /* PersonalDetailsVC.swift */; };
		0B8A1F7A2BFB1C0D00E40986 /* DesignationVC.swift in Sources */ = {isa = PBXBuildFile; fileRef = 0B8A1F782BFB1C0D00E40986 /* DesignationVC.swift */; };
		0B8A1F7B2BFB1C0D00E40986 /* DesignationVC.xib in Resources */ = {isa = PBXBuildFile; fileRef = 0B8A1F792BFB1C0D00E40986 /* DesignationVC.xib */; };
		0B8A1F7E2BFB1E4300E40986 /* YourProfileVC.swift in Sources */ = {isa = PBXBuildFile; fileRef = 0B8A1F7C2BFB1E4300E40986 /* YourProfileVC.swift */; };
		0B8A1F7F2BFB1E4300E40986 /* YourProfileVC.xib in Resources */ = {isa = PBXBuildFile; fileRef = 0B8A1F7D2BFB1E4300E40986 /* YourProfileVC.xib */; };
		0B8A1F822BFB1E5C00E40986 /* DocumentsVC.swift in Sources */ = {isa = PBXBuildFile; fileRef = 0B8A1F802BFB1E5C00E40986 /* DocumentsVC.swift */; };
		0B8A1F832BFB1E5C00E40986 /* DocumentsVC.xib in Resources */ = {isa = PBXBuildFile; fileRef = 0B8A1F812BFB1E5C00E40986 /* DocumentsVC.xib */; };
		0B924A592BFCC8D7009365DF /* appliedRequestTableViewCell.swift in Sources */ = {isa = PBXBuildFile; fileRef = 0B924A582BFCC8D7009365DF /* appliedRequestTableViewCell.swift */; };
		0B924A5B2BFCC8DC009365DF /* appliedRequestTableViewCell.xib in Resources */ = {isa = PBXBuildFile; fileRef = 0B924A5A2BFCC8DC009365DF /* appliedRequestTableViewCell.xib */; };
		0B924A5D2BFCC8E1009365DF /* reviewedTableViewCell.swift in Sources */ = {isa = PBXBuildFile; fileRef = 0B924A5C2BFCC8E1009365DF /* reviewedTableViewCell.swift */; };
		0B924A5F2BFCC8E6009365DF /* reviewedTableViewCell.xib in Resources */ = {isa = PBXBuildFile; fileRef = 0B924A5E2BFCC8E6009365DF /* reviewedTableViewCell.xib */; };
		0B98638C2BA8270C003EAB50 /* PasswordResetCompletionVC.swift in Sources */ = {isa = PBXBuildFile; fileRef = 0B98638B2BA8270C003EAB50 /* PasswordResetCompletionVC.swift */; };
		0BA1E72E2B96E9AB00BB3B70 /* LeaveRequest.swift in Sources */ = {isa = PBXBuildFile; fileRef = 0BA1E72D2B96E9AB00BB3B70 /* LeaveRequest.swift */; };
		0BA1E7302B96ED5A00BB3B70 /* DataService.swift in Sources */ = {isa = PBXBuildFile; fileRef = 0BA1E72F2B96ED5A00BB3B70 /* DataService.swift */; };
		0BAC6CF52B830C94006FF50F /* DesingsForUIView.swift in Sources */ = {isa = PBXBuildFile; fileRef = 0BAC6CF42B830C94006FF50F /* DesingsForUIView.swift */; };
		0BAC6CF82B831788006FF50F /* FooterLogoDisplayable.swift in Sources */ = {isa = PBXBuildFile; fileRef = 0BAC6CF72B831788006FF50F /* FooterLogoDisplayable.swift */; };
		0BBB0B532C117AF4002CE49A /* ResizeTableCell.swift in Sources */ = {isa = PBXBuildFile; fileRef = 0BBB0B522C117AF4002CE49A /* ResizeTableCell.swift */; };
		0BC6190F2B871012005F0DCB /* CheckCounterVC.swift in Sources */ = {isa = PBXBuildFile; fileRef = 0BC6190E2B871012005F0DCB /* CheckCounterVC.swift */; };
		0BC9579B2B9098DE00F1664D /* LogManager.swift in Sources */ = {isa = PBXBuildFile; fileRef = 0BC9579A2B9098DE00F1664D /* LogManager.swift */; };
		0BCC36372BC9487D0025DED0 /* homeNavigationViewController.swift in Sources */ = {isa = PBXBuildFile; fileRef = 0BCC36362BC9487D0025DED0 /* homeNavigationViewController.swift */; };
		0BCC36392BC953DD0025DED0 /* MainMenuNavigationViewController.swift in Sources */ = {isa = PBXBuildFile; fileRef = 0BCC36382BC953DD0025DED0 /* MainMenuNavigationViewController.swift */; };
		0BCCBDD02BCFD5DB00BFC948 /* checkCounterModel.swift in Sources */ = {isa = PBXBuildFile; fileRef = 0BCCBDCF2BCFD5DB00BFC948 /* checkCounterModel.swift */; };
		0BCCBDD32BCFE72700BFC948 /* constants.swift in Sources */ = {isa = PBXBuildFile; fileRef = 0BCCBDD22BCFE72700BFC948 /* constants.swift */; };
		0BCF62832B9F2C9600A6490C /* ValidationForInputFieldsInPopUp.swift in Sources */ = {isa = PBXBuildFile; fileRef = 0BCF62822B9F2C9600A6490C /* ValidationForInputFieldsInPopUp.swift */; };
		0BCF62862B9F2D7900A6490C /* Algorithms in Frameworks */ = {isa = PBXBuildFile; productRef = 0BCF62852B9F2D7900A6490C /* Algorithms */; };
		0BD693422BA42E3800FB9327 /* ProfileImageCustomeView.xib in Resources */ = {isa = PBXBuildFile; fileRef = 0BD693412BA42E3800FB9327 /* ProfileImageCustomeView.xib */; };
		0BD693442BA42EF300FB9327 /* ProfileImageCustomeView.swift in Sources */ = {isa = PBXBuildFile; fileRef = 0BD693432BA42EF300FB9327 /* ProfileImageCustomeView.swift */; };
		0BD693482BA4408400FB9327 /* testXIB.xib in Resources */ = {isa = PBXBuildFile; fileRef = 0BD693472BA4408400FB9327 /* testXIB.xib */; };
		0BE087972B7F62500067102F /* AppDelegate.swift in Sources */ = {isa = PBXBuildFile; fileRef = 0BE087962B7F62500067102F /* AppDelegate.swift */; };
		0BE087992B7F62500067102F /* SceneDelegate.swift in Sources */ = {isa = PBXBuildFile; fileRef = 0BE087982B7F62500067102F /* SceneDelegate.swift */; };
		0BE0879B2B7F62500067102F /* LoginVC.swift in Sources */ = {isa = PBXBuildFile; fileRef = 0BE0879A2B7F62500067102F /* LoginVC.swift */; };
		0BE0879E2B7F62500067102F /* Main.storyboard in Resources */ = {isa = PBXBuildFile; fileRef = 0BE0879C2B7F62500067102F /* Main.storyboard */; };
		0BE087A02B7F62520067102F /* Assets.xcassets in Resources */ = {isa = PBXBuildFile; fileRef = 0BE0879F2B7F62520067102F /* Assets.xcassets */; };
		0BE087A32B7F62520067102F /* LaunchScreen.storyboard in Resources */ = {isa = PBXBuildFile; fileRef = 0BE087A12B7F62520067102F /* LaunchScreen.storyboard */; };
		0BE1F2462B999AA700725AC9 /* leaveApplicationPopUPViewController.swift in Sources */ = {isa = PBXBuildFile; fileRef = 0BE1F2442B999AA700725AC9 /* leaveApplicationPopUPViewController.swift */; };
		0BE1F2472B999AA700725AC9 /* leaveApplicationPopUPViewController.xib in Resources */ = {isa = PBXBuildFile; fileRef = 0BE1F2452B999AA700725AC9 /* leaveApplicationPopUPViewController.xib */; };
		6DA965CA25E8440ABC7DF37B /* Pods_SoftmonksCMSproject.framework in Frameworks */ = {isa = PBXBuildFile; fileRef = 6F1DCFFF38B3934CDFE5EAC8 /* Pods_SoftmonksCMSproject.framework */; };
/* End PBXBuildFile section */

/* Begin PBXFileReference section */
		0B1CADE32BFF052300B5E5FD /* DesignationTableViewCell.swift */ = {isa = PBXFileReference; lastKnownFileType = sourcecode.swift; path = DesignationTableViewCell.swift; sourceTree = "<group>"; };
		0B1CADE42BFF052300B5E5FD /* DesignationTableViewCell.xib */ = {isa = PBXFileReference; lastKnownFileType = file.xib; path = DesignationTableViewCell.xib; sourceTree = "<group>"; };
		0B1CADE72BFF11D000B5E5FD /* DesignationsData.swift */ = {isa = PBXFileReference; lastKnownFileType = sourcecode.swift; path = DesignationsData.swift; sourceTree = "<group>"; };
		0B2D195F2BFF46E400D6EE59 /* ChangePasswordVC.swift */ = {isa = PBXFileReference; lastKnownFileType = sourcecode.swift; path = ChangePasswordVC.swift; sourceTree = "<group>"; };
		0B2D19602BFF46E400D6EE59 /* ChangePasswordVC.xib */ = {isa = PBXFileReference; lastKnownFileType = file.xib; path = ChangePasswordVC.xib; sourceTree = "<group>"; };
		0B2E86822C08478A006FDA8F /* DocumentsTableCell.swift */ = {isa = PBXFileReference; lastKnownFileType = sourcecode.swift; path = DocumentsTableCell.swift; sourceTree = "<group>"; };
		0B2E86832C08478A006FDA8F /* DocumentsTableCell.xib */ = {isa = PBXFileReference; lastKnownFileType = file.xib; path = DocumentsTableCell.xib; sourceTree = "<group>"; };
		0B2E86862C08565B006FDA8F /* SalaryDetailsViewController.swift */ = {isa = PBXFileReference; lastKnownFileType = sourcecode.swift; path = SalaryDetailsViewController.swift; sourceTree = "<group>"; };
		0B2E86872C08565B006FDA8F /* SalaryDetailsViewController.xib */ = {isa = PBXFileReference; lastKnownFileType = file.xib; path = SalaryDetailsViewController.xib; sourceTree = "<group>"; };
		0B2E868C2C085F60006FDA8F /* SalaryReciptsTableViewCell.swift */ = {isa = PBXFileReference; lastKnownFileType = sourcecode.swift; path = SalaryReciptsTableViewCell.swift; sourceTree = "<group>"; };
		0B2E868D2C085F60006FDA8F /* SalaryReciptsTableViewCell.xib */ = {isa = PBXFileReference; lastKnownFileType = file.xib; path = SalaryReciptsTableViewCell.xib; sourceTree = "<group>"; };
		0B3330B72BFDD11E0005BE3C /* PersonalDetials.swift */ = {isa = PBXFileReference; lastKnownFileType = sourcecode.swift; path = PersonalDetials.swift; sourceTree = "<group>"; };
		0B3330BA2BFDD2C10005BE3C /* PersonalDetailsTableViewCell.swift */ = {isa = PBXFileReference; lastKnownFileType = sourcecode.swift; path = PersonalDetailsTableViewCell.swift; sourceTree = "<group>"; };
		0B3330BB2BFDD2C10005BE3C /* PersonalDetailsTableViewCell.xib */ = {isa = PBXFileReference; lastKnownFileType = file.xib; path = PersonalDetailsTableViewCell.xib; sourceTree = "<group>"; };
		0B3B35072C00633900225C1D /* PasswordVarificationPopUpVC.swift */ = {isa = PBXFileReference; lastKnownFileType = sourcecode.swift; path = PasswordVarificationPopUpVC.swift; sourceTree = "<group>"; };
		0B3B35082C00633900225C1D /* PasswordVarificationPopUpVC.xib */ = {isa = PBXFileReference; lastKnownFileType = file.xib; path = PasswordVarificationPopUpVC.xib; sourceTree = "<group>"; };
		0B3F2FB22C05A85D0082E748 /* APICallFunctions.swift */ = {isa = PBXFileReference; lastKnownFileType = sourcecode.swift; path = APICallFunctions.swift; sourceTree = "<group>"; };
		0B4031692BA94FC6005B9489 /* OTPDigitvalidationView.swift */ = {isa = PBXFileReference; lastKnownFileType = sourcecode.swift; path = OTPDigitvalidationView.swift; sourceTree = "<group>"; };
		0B40316B2BA94FFD005B9489 /* OTPDigitvalidationView.xib */ = {isa = PBXFileReference; lastKnownFileType = file.xib; path = OTPDigitvalidationView.xib; sourceTree = "<group>"; };
		0B4031712BA96CDF005B9489 /* otptest.swift */ = {isa = PBXFileReference; lastKnownFileType = sourcecode.swift; path = otptest.swift; sourceTree = "<group>"; };
		0B4031752BA9B273005B9489 /* NewPasswordVC.swift */ = {isa = PBXFileReference; lastKnownFileType = sourcecode.swift; path = NewPasswordVC.swift; sourceTree = "<group>"; };
		0B405B9D2B84A5CE00E6C210 /* CollectionViewCell.swift */ = {isa = PBXFileReference; lastKnownFileType = sourcecode.swift; path = CollectionViewCell.swift; sourceTree = "<group>"; };
		0B405B9E2B84A5CE00E6C210 /* CollectionViewCell.xib */ = {isa = PBXFileReference; lastKnownFileType = file.xib; path = CollectionViewCell.xib; sourceTree = "<group>"; };
		0B40F41A2B91E31A0041C00B /* LeaveRequestVC.swift */ = {isa = PBXFileReference; lastKnownFileType = sourcecode.swift; path = LeaveRequestVC.swift; sourceTree = "<group>"; };
		0B4268E52B8729CE00868118 /* TitleTopView.xib */ = {isa = PBXFileReference; lastKnownFileType = file.xib; path = TitleTopView.xib; sourceTree = "<group>"; };
		0B4268E72B8729E600868118 /* TitleTopView.swift */ = {isa = PBXFileReference; lastKnownFileType = sourcecode.swift; path = TitleTopView.swift; sourceTree = "<group>"; };
		0B4FC3C62B95840C00F69EF1 /* TableViewCell.swift */ = {isa = PBXFileReference; lastKnownFileType = sourcecode.swift; path = TableViewCell.swift; sourceTree = "<group>"; };
		0B4FC3C72B95840C00F69EF1 /* TableViewCell.xib */ = {isa = PBXFileReference; lastKnownFileType = file.xib; path = TableViewCell.xib; sourceTree = "<group>"; };
		0B52A7F12B85E74200FE0CAF /* menuIteam.swift */ = {isa = PBXFileReference; lastKnownFileType = sourcecode.swift; path = menuIteam.swift; sourceTree = "<group>"; };
		0B5E74D62C09ACEA00FEC3D1 /* VariableTextsize.swift */ = {isa = PBXFileReference; lastKnownFileType = sourcecode.swift; path = VariableTextsize.swift; sourceTree = "<group>"; };
		0B5E7BA32BC3FD63007982A4 /* loginCheck.swift */ = {isa = PBXFileReference; lastKnownFileType = sourcecode.swift; path = loginCheck.swift; sourceTree = "<group>"; };
		0B61BF1A2C04928C00F2404F /* imageAPI.swift */ = {isa = PBXFileReference; lastKnownFileType = sourcecode.swift; path = imageAPI.swift; sourceTree = "<group>"; };
		0B7580652BA83E4D00366E7C /* VerificationViewController.swift */ = {isa = PBXFileReference; lastKnownFileType = sourcecode.swift; path = VerificationViewController.swift; sourceTree = "<group>"; };
		0B7DBCE02B8352D90072EF55 /* LoginValidation.swift */ = {isa = PBXFileReference; lastKnownFileType = sourcecode.swift; path = LoginValidation.swift; sourceTree = "<group>"; };
		0B7DBCE22B836BAD0072EF55 /* ProfileMenuVC.swift */ = {isa = PBXFileReference; lastKnownFileType = sourcecode.swift; path = ProfileMenuVC.swift; sourceTree = "<group>"; };
		0B7DBCE42B8379790072EF55 /* UIExtensions.swift */ = {isa = PBXFileReference; lastKnownFileType = sourcecode.swift; path = UIExtensions.swift; sourceTree = "<group>"; };
		0B8151F92BA4133F00CC74FE /* headingAndPhotoView.swift */ = {isa = PBXFileReference; lastKnownFileType = sourcecode.swift; path = headingAndPhotoView.swift; sourceTree = "<group>"; };
		0B8151FB2BA4136500CC74FE /* headingAndPhotoView.xib */ = {isa = PBXFileReference; lastKnownFileType = file.xib; path = headingAndPhotoView.xib; sourceTree = "<group>"; };
		0B857DCD2BA313FE00513680 /* ForgotPasswordViewController.swift */ = {isa = PBXFileReference; lastKnownFileType = sourcecode.swift; path = ForgotPasswordViewController.swift; sourceTree = "<group>"; };
		0B8A1F6D2BFB0E3500E40986 /* PersonalDetailsVC.swift */ = {isa = PBXFileReference; lastKnownFileType = sourcecode.swift; path = PersonalDetailsVC.swift; sourceTree = "<group>"; };
		0B8A1F782BFB1C0D00E40986 /* DesignationVC.swift */ = {isa = PBXFileReference; lastKnownFileType = sourcecode.swift; path = DesignationVC.swift; sourceTree = "<group>"; };
		0B8A1F792BFB1C0D00E40986 /* DesignationVC.xib */ = {isa = PBXFileReference; lastKnownFileType = file.xib; path = DesignationVC.xib; sourceTree = "<group>"; };
		0B8A1F7C2BFB1E4300E40986 /* YourProfileVC.swift */ = {isa = PBXFileReference; lastKnownFileType = sourcecode.swift; path = YourProfileVC.swift; sourceTree = "<group>"; };
		0B8A1F7D2BFB1E4300E40986 /* YourProfileVC.xib */ = {isa = PBXFileReference; lastKnownFileType = file.xib; path = YourProfileVC.xib; sourceTree = "<group>"; };
		0B8A1F802BFB1E5C00E40986 /* DocumentsVC.swift */ = {isa = PBXFileReference; lastKnownFileType = sourcecode.swift; path = DocumentsVC.swift; sourceTree = "<group>"; };
		0B8A1F812BFB1E5C00E40986 /* DocumentsVC.xib */ = {isa = PBXFileReference; lastKnownFileType = file.xib; path = DocumentsVC.xib; sourceTree = "<group>"; };
		0B924A582BFCC8D7009365DF /* appliedRequestTableViewCell.swift */ = {isa = PBXFileReference; fileEncoding = 4; lastKnownFileType = sourcecode.swift; path = appliedRequestTableViewCell.swift; sourceTree = "<group>"; };
		0B924A5A2BFCC8DC009365DF /* appliedRequestTableViewCell.xib */ = {isa = PBXFileReference; fileEncoding = 4; lastKnownFileType = file.xib; path = appliedRequestTableViewCell.xib; sourceTree = "<group>"; };
		0B924A5C2BFCC8E1009365DF /* reviewedTableViewCell.swift */ = {isa = PBXFileReference; fileEncoding = 4; lastKnownFileType = sourcecode.swift; path = reviewedTableViewCell.swift; sourceTree = "<group>"; };
		0B924A5E2BFCC8E6009365DF /* reviewedTableViewCell.xib */ = {isa = PBXFileReference; fileEncoding = 4; lastKnownFileType = file.xib; path = reviewedTableViewCell.xib; sourceTree = "<group>"; };
		0B98638B2BA8270C003EAB50 /* PasswordResetCompletionVC.swift */ = {isa = PBXFileReference; lastKnownFileType = sourcecode.swift; path = PasswordResetCompletionVC.swift; sourceTree = "<group>"; };
		0BA1E72D2B96E9AB00BB3B70 /* LeaveRequest.swift */ = {isa = PBXFileReference; lastKnownFileType = sourcecode.swift; path = LeaveRequest.swift; sourceTree = "<group>"; };
		0BA1E72F2B96ED5A00BB3B70 /* DataService.swift */ = {isa = PBXFileReference; lastKnownFileType = sourcecode.swift; path = DataService.swift; sourceTree = "<group>"; };
		0BAC6CF42B830C94006FF50F /* DesingsForUIView.swift */ = {isa = PBXFileReference; lastKnownFileType = sourcecode.swift; path = DesingsForUIView.swift; sourceTree = "<group>"; };
		0BAC6CF72B831788006FF50F /* FooterLogoDisplayable.swift */ = {isa = PBXFileReference; lastKnownFileType = sourcecode.swift; path = FooterLogoDisplayable.swift; sourceTree = "<group>"; };
		0BBB0B522C117AF4002CE49A /* ResizeTableCell.swift */ = {isa = PBXFileReference; lastKnownFileType = sourcecode.swift; path = ResizeTableCell.swift; sourceTree = "<group>"; };
		0BC6190E2B871012005F0DCB /* CheckCounterVC.swift */ = {isa = PBXFileReference; lastKnownFileType = sourcecode.swift; path = CheckCounterVC.swift; sourceTree = "<group>"; };
		0BC9579A2B9098DE00F1664D /* LogManager.swift */ = {isa = PBXFileReference; lastKnownFileType = sourcecode.swift; path = LogManager.swift; sourceTree = "<group>"; };
		0BCC36362BC9487D0025DED0 /* homeNavigationViewController.swift */ = {isa = PBXFileReference; lastKnownFileType = sourcecode.swift; path = homeNavigationViewController.swift; sourceTree = "<group>"; };
		0BCC36382BC953DD0025DED0 /* MainMenuNavigationViewController.swift */ = {isa = PBXFileReference; lastKnownFileType = sourcecode.swift; path = MainMenuNavigationViewController.swift; sourceTree = "<group>"; };
		0BCCBDCF2BCFD5DB00BFC948 /* checkCounterModel.swift */ = {isa = PBXFileReference; lastKnownFileType = sourcecode.swift; path = checkCounterModel.swift; sourceTree = "<group>"; };
		0BCCBDD22BCFE72700BFC948 /* constants.swift */ = {isa = PBXFileReference; lastKnownFileType = sourcecode.swift; path = constants.swift; sourceTree = "<group>"; };
		0BCF62822B9F2C9600A6490C /* ValidationForInputFieldsInPopUp.swift */ = {isa = PBXFileReference; lastKnownFileType = sourcecode.swift; path = ValidationForInputFieldsInPopUp.swift; sourceTree = "<group>"; };
		0BD693412BA42E3800FB9327 /* ProfileImageCustomeView.xib */ = {isa = PBXFileReference; lastKnownFileType = file.xib; path = ProfileImageCustomeView.xib; sourceTree = "<group>"; };
		0BD693432BA42EF300FB9327 /* ProfileImageCustomeView.swift */ = {isa = PBXFileReference; lastKnownFileType = sourcecode.swift; path = ProfileImageCustomeView.swift; sourceTree = "<group>"; };
		0BD693472BA4408400FB9327 /* testXIB.xib */ = {isa = PBXFileReference; lastKnownFileType = file.xib; path = testXIB.xib; sourceTree = "<group>"; };
		0BE087932B7F62500067102F /* SoftmonksCMSproject.app */ = {isa = PBXFileReference; explicitFileType = wrapper.application; includeInIndex = 0; path = SoftmonksCMSproject.app; sourceTree = BUILT_PRODUCTS_DIR; };
		0BE087962B7F62500067102F /* AppDelegate.swift */ = {isa = PBXFileReference; lastKnownFileType = sourcecode.swift; path = AppDelegate.swift; sourceTree = "<group>"; };
		0BE087982B7F62500067102F /* SceneDelegate.swift */ = {isa = PBXFileReference; lastKnownFileType = sourcecode.swift; path = SceneDelegate.swift; sourceTree = "<group>"; };
		0BE0879A2B7F62500067102F /* LoginVC.swift */ = {isa = PBXFileReference; lastKnownFileType = sourcecode.swift; path = LoginVC.swift; sourceTree = "<group>"; };
		0BE0879D2B7F62500067102F /* Base */ = {isa = PBXFileReference; lastKnownFileType = file.storyboard; name = Base; path = Base.lproj/Main.storyboard; sourceTree = "<group>"; };
		0BE0879F2B7F62520067102F /* Assets.xcassets */ = {isa = PBXFileReference; lastKnownFileType = folder.assetcatalog; path = Assets.xcassets; sourceTree = "<group>"; };
		0BE087A22B7F62520067102F /* Base */ = {isa = PBXFileReference; lastKnownFileType = file.storyboard; name = Base; path = Base.lproj/LaunchScreen.storyboard; sourceTree = "<group>"; };
		0BE087A42B7F62520067102F /* Info.plist */ = {isa = PBXFileReference; lastKnownFileType = text.plist.xml; path = Info.plist; sourceTree = "<group>"; };
		0BE1F2442B999AA700725AC9 /* leaveApplicationPopUPViewController.swift */ = {isa = PBXFileReference; lastKnownFileType = sourcecode.swift; path = leaveApplicationPopUPViewController.swift; sourceTree = "<group>"; };
		0BE1F2452B999AA700725AC9 /* leaveApplicationPopUPViewController.xib */ = {isa = PBXFileReference; lastKnownFileType = file.xib; path = leaveApplicationPopUPViewController.xib; sourceTree = "<group>"; };
		6F1DCFFF38B3934CDFE5EAC8 /* Pods_SoftmonksCMSproject.framework */ = {isa = PBXFileReference; explicitFileType = wrapper.framework; includeInIndex = 0; path = Pods_SoftmonksCMSproject.framework; sourceTree = BUILT_PRODUCTS_DIR; };
		A0515CD74962A27CC59D873C /* Pods-SoftmonksCMSproject.release.xcconfig */ = {isa = PBXFileReference; includeInIndex = 1; lastKnownFileType = text.xcconfig; name = "Pods-SoftmonksCMSproject.release.xcconfig"; path = "Target Support Files/Pods-SoftmonksCMSproject/Pods-SoftmonksCMSproject.release.xcconfig"; sourceTree = "<group>"; };
		EBF45E4249F241EB1F09371C /* Pods-SoftmonksCMSproject.debug.xcconfig */ = {isa = PBXFileReference; includeInIndex = 1; lastKnownFileType = text.xcconfig; name = "Pods-SoftmonksCMSproject.debug.xcconfig"; path = "Target Support Files/Pods-SoftmonksCMSproject/Pods-SoftmonksCMSproject.debug.xcconfig"; sourceTree = "<group>"; };
/* End PBXFileReference section */

/* Begin PBXFrameworksBuildPhase section */
		0BE087902B7F62500067102F /* Frameworks */ = {
			isa = PBXFrameworksBuildPhase;
			buildActionMask = 2147483647;
			files = (
				0BCF62862B9F2D7900A6490C /* Algorithms in Frameworks */,
				6DA965CA25E8440ABC7DF37B /* Pods_SoftmonksCMSproject.framework in Frameworks */,
			);
			runOnlyForDeploymentPostprocessing = 0;
		};
/* End PBXFrameworksBuildPhase section */

/* Begin PBXGroup section */
		0B1CADE12BFF04C900B5E5FD /* PersonalDetails */ = {
			isa = PBXGroup;
			children = (
				0B3330BA2BFDD2C10005BE3C /* PersonalDetailsTableViewCell.swift */,
				0B3330BB2BFDD2C10005BE3C /* PersonalDetailsTableViewCell.xib */,
			);
			path = PersonalDetails;
			sourceTree = "<group>";
		};
		0B1CADE22BFF04F900B5E5FD /* Designation */ = {
			isa = PBXGroup;
			children = (
				0B1CADE32BFF052300B5E5FD /* DesignationTableViewCell.swift */,
				0B1CADE42BFF052300B5E5FD /* DesignationTableViewCell.xib */,
			);
			path = Designation;
			sourceTree = "<group>";
		};
		0B2E86812C084739006FDA8F /* Documents */ = {
			isa = PBXGroup;
			children = (
				0B2E86822C08478A006FDA8F /* DocumentsTableCell.swift */,
				0B2E86832C08478A006FDA8F /* DocumentsTableCell.xib */,
			);
			path = Documents;
			sourceTree = "<group>";
		};
		0B2E868A2C08567A006FDA8F /* SalaryDetails */ = {
			isa = PBXGroup;
			children = (
				0B2E86862C08565B006FDA8F /* SalaryDetailsViewController.swift */,
				0B2E86872C08565B006FDA8F /* SalaryDetailsViewController.xib */,
			);
			path = SalaryDetails;
			sourceTree = "<group>";
		};
		0B2E868B2C085F17006FDA8F /* SalaryRecept */ = {
			isa = PBXGroup;
			children = (
				0B2E868C2C085F60006FDA8F /* SalaryReciptsTableViewCell.swift */,
				0B2E868D2C085F60006FDA8F /* SalaryReciptsTableViewCell.xib */,
			);
			path = SalaryRecept;
			sourceTree = "<group>";
		};
		0B3330B92BFDD22C0005BE3C /* ProfileModule */ = {
			isa = PBXGroup;
			children = (
				0B2E86812C084739006FDA8F /* Documents */,
				0B1CADE12BFF04C900B5E5FD /* PersonalDetails */,
				0B1CADE22BFF04F900B5E5FD /* Designation */,
			);
			path = ProfileModule;
			sourceTree = "<group>";
		};
		0B3B35052C0062A000225C1D /* PopUp */ = {
			isa = PBXGroup;
			children = (
				0B3B35062C0062EC00225C1D /* PasswordVarification */,
				0BE1F2432B999A6000725AC9 /* LeaveApplication */,
			);
			path = PopUp;
			sourceTree = "<group>";
		};
		0B3B35062C0062EC00225C1D /* PasswordVarification */ = {
			isa = PBXGroup;
			children = (
				0B3B35072C00633900225C1D /* PasswordVarificationPopUpVC.swift */,
				0B3B35082C00633900225C1D /* PasswordVarificationPopUpVC.xib */,
			);
			path = PasswordVarification;
			sourceTree = "<group>";
		};
		0B405B952B8499A900E6C210 /* Models */ = {
			isa = PBXGroup;
			children = (
				0B52A7F12B85E74200FE0CAF /* menuIteam.swift */,
				0BA1E72D2B96E9AB00BB3B70 /* LeaveRequest.swift */,
				0B5E7BA32BC3FD63007982A4 /* loginCheck.swift */,
				0BCCBDCF2BCFD5DB00BFC948 /* checkCounterModel.swift */,
				0B3330B72BFDD11E0005BE3C /* PersonalDetials.swift */,
				0B1CADE72BFF11D000B5E5FD /* DesignationsData.swift */,
			);
			path = Models;
			sourceTree = "<group>";
		};
		0B405B992B849ABD00E6C210 /* Services */ = {
			isa = PBXGroup;
			children = (
				0BA1E72F2B96ED5A00BB3B70 /* DataService.swift */,
			);
			path = Services;
			sourceTree = "<group>";
		};
		0B405B9C2B84A5A800E6C210 /* CollectionView */ = {
			isa = PBXGroup;
			children = (
				0B405B9D2B84A5CE00E6C210 /* CollectionViewCell.swift */,
				0B405B9E2B84A5CE00E6C210 /* CollectionViewCell.xib */,
			);
			path = CollectionView;
			sourceTree = "<group>";
		};
		0B4FC3CA2B95A51C00F69EF1 /* TableViewCell */ = {
			isa = PBXGroup;
			children = (
				0B2E868B2C085F17006FDA8F /* SalaryRecept */,
				0B3330B92BFDD22C0005BE3C /* ProfileModule */,
				0B924A602BFCC96F009365DF /* LeaveRequestTV */,
			);
			path = TableViewCell;
			sourceTree = "<group>";
		};
		0B7DBCDF2B8352730072EF55 /* Validation */ = {
			isa = PBXGroup;
			children = (
				0B7DBCE02B8352D90072EF55 /* LoginValidation.swift */,
				0BC9579A2B9098DE00F1664D /* LogManager.swift */,
			);
			path = Validation;
			sourceTree = "<group>";
		};
		0B8A1F6F2BFB188800E40986 /* PersonalDetailsScreens */ = {
			isa = PBXGroup;
			children = (
				0B8A1F7C2BFB1E4300E40986 /* YourProfileVC.swift */,
				0B8A1F7D2BFB1E4300E40986 /* YourProfileVC.xib */,
				0B8A1F802BFB1E5C00E40986 /* DocumentsVC.swift */,
				0B8A1F812BFB1E5C00E40986 /* DocumentsVC.xib */,
				0B8A1F782BFB1C0D00E40986 /* DesignationVC.swift */,
				0B8A1F792BFB1C0D00E40986 /* DesignationVC.xib */,
				0B2D195F2BFF46E400D6EE59 /* ChangePasswordVC.swift */,
				0B2D19602BFF46E400D6EE59 /* ChangePasswordVC.xib */,
			);
			path = PersonalDetailsScreens;
			sourceTree = "<group>";
		};
		0B924A602BFCC96F009365DF /* LeaveRequestTV */ = {
			isa = PBXGroup;
			children = (
				0B924A582BFCC8D7009365DF /* appliedRequestTableViewCell.swift */,
				0B924A5A2BFCC8DC009365DF /* appliedRequestTableViewCell.xib */,
				0B924A5C2BFCC8E1009365DF /* reviewedTableViewCell.swift */,
				0B924A5E2BFCC8E6009365DF /* reviewedTableViewCell.xib */,
			);
			path = LeaveRequestTV;
			sourceTree = "<group>";
		};
		0BAC6CF62B831744006FF50F /* extension */ = {
			isa = PBXGroup;
			children = (
				0BAC6CF72B831788006FF50F /* FooterLogoDisplayable.swift */,
				0B7DBCE42B8379790072EF55 /* UIExtensions.swift */,
			);
			path = extension;
			sourceTree = "<group>";
		};
		0BBE34232BCD3B6900F805EC /* NavigationControllers */ = {
			isa = PBXGroup;
			children = (
				0BCC36362BC9487D0025DED0 /* homeNavigationViewController.swift */,
				0BCC36382BC953DD0025DED0 /* MainMenuNavigationViewController.swift */,
			);
			path = NavigationControllers;
			sourceTree = "<group>";
		};
		0BBE34242BCD3BA600F805EC /* ForgotPassScreens */ = {
			isa = PBXGroup;
			children = (
				0B857DCD2BA313FE00513680 /* ForgotPasswordViewController.swift */,
				0B7580652BA83E4D00366E7C /* VerificationViewController.swift */,
				0B4031752BA9B273005B9489 /* NewPasswordVC.swift */,
				0B98638B2BA8270C003EAB50 /* PasswordResetCompletionVC.swift */,
			);
			path = ForgotPassScreens;
			sourceTree = "<group>";
		};
		0BC14ACA2BC657EF008B1596 /* Application */ = {
			isa = PBXGroup;
			children = (
				0BE087962B7F62500067102F /* AppDelegate.swift */,
				0BE087982B7F62500067102F /* SceneDelegate.swift */,
				0B61BF1A2C04928C00F2404F /* imageAPI.swift */,
				0B3F2FB22C05A85D0082E748 /* APICallFunctions.swift */,
				0BCCBDD22BCFE72700BFC948 /* constants.swift */,
			);
			path = Application;
			sourceTree = "<group>";
		};
		0BC14ACB2BC65817008B1596 /* Helper */ = {
			isa = PBXGroup;
			children = (
			);
			path = Helper;
			sourceTree = "<group>";
		};
		0BC14ACC2BC6584A008B1596 /* Storyboard */ = {
			isa = PBXGroup;
			children = (
				0BE0879C2B7F62500067102F /* Main.storyboard */,
				0BE087A12B7F62520067102F /* LaunchScreen.storyboard */,
			);
			path = Storyboard;
			sourceTree = "<group>";
		};
		0BC14ACD2BC65872008B1596 /* Resources */ = {
			isa = PBXGroup;
			children = (
				0BE0879F2B7F62520067102F /* Assets.xcassets */,
			);
			path = Resources;
			sourceTree = "<group>";
		};
		0BC619102B87132C005F0DCB /* CustomeViews */ = {
			isa = PBXGroup;
			children = (
				0B4268E72B8729E600868118 /* TitleTopView.swift */,
				0B4268E52B8729CE00868118 /* TitleTopView.xib */,
				0B4FC3C62B95840C00F69EF1 /* TableViewCell.swift */,
				0B4FC3C72B95840C00F69EF1 /* TableViewCell.xib */,
				0B8151F92BA4133F00CC74FE /* headingAndPhotoView.swift */,
				0B8151FB2BA4136500CC74FE /* headingAndPhotoView.xib */,
				0BD693412BA42E3800FB9327 /* ProfileImageCustomeView.xib */,
				0BD693432BA42EF300FB9327 /* ProfileImageCustomeView.swift */,
				0BD693472BA4408400FB9327 /* testXIB.xib */,
				0B4031692BA94FC6005B9489 /* OTPDigitvalidationView.swift */,
				0B40316B2BA94FFD005B9489 /* OTPDigitvalidationView.xib */,
				0B4031712BA96CDF005B9489 /* otptest.swift */,
			);
			path = CustomeViews;
			sourceTree = "<group>";
		};
		0BE0878A2B7F62500067102F = {
			isa = PBXGroup;
			children = (
				0BE087952B7F62500067102F /* SoftmonksCMSproject */,
				0BE087942B7F62500067102F /* Products */,
				30CCE3A8904CCA4C7E006110 /* Pods */,
				F733FE9D364B33A179CD9F9D /* Frameworks */,
			);
			sourceTree = "<group>";
		};
		0BE087942B7F62500067102F /* Products */ = {
			isa = PBXGroup;
			children = (
				0BE087932B7F62500067102F /* SoftmonksCMSproject.app */,
			);
			name = Products;
			sourceTree = "<group>";
		};
		0BE087952B7F62500067102F /* SoftmonksCMSproject */ = {
			isa = PBXGroup;
			children = (
				0BC14ACA2BC657EF008B1596 /* Application */,
				0BC14ACD2BC65872008B1596 /* Resources */,
				0BC14ACB2BC65817008B1596 /* Helper */,
				0B3B35052C0062A000225C1D /* PopUp */,
				0B4FC3CA2B95A51C00F69EF1 /* TableViewCell */,
				0B405B9C2B84A5A800E6C210 /* CollectionView */,
				0BC619102B87132C005F0DCB /* CustomeViews */,
				0B405B992B849ABD00E6C210 /* Services */,
				0B405B952B8499A900E6C210 /* Models */,
				0B7DBCDF2B8352730072EF55 /* Validation */,
				0BAC6CF62B831744006FF50F /* extension */,
				0BE317C92B7F81F30082C74B /* Designs */,
				0BE087AA2B7F628F0067102F /* Controllerss */,
				0BC14ACC2BC6584A008B1596 /* Storyboard */,
				0BE087A42B7F62520067102F /* Info.plist */,
			);
			path = SoftmonksCMSproject;
			sourceTree = "<group>";
		};
		0BE087AA2B7F628F0067102F /* Controllerss */ = {
			isa = PBXGroup;
			children = (
				0B8A1F6F2BFB188800E40986 /* PersonalDetailsScreens */,
				0BBE34242BCD3BA600F805EC /* ForgotPassScreens */,
				0B2E868A2C08567A006FDA8F /* SalaryDetails */,
				0BBE34232BCD3B6900F805EC /* NavigationControllers */,
				0BE0879A2B7F62500067102F /* LoginVC.swift */,
				0B7DBCE22B836BAD0072EF55 /* ProfileMenuVC.swift */,
				0BC6190E2B871012005F0DCB /* CheckCounterVC.swift */,
				0B40F41A2B91E31A0041C00B /* LeaveRequestVC.swift */,
				0B8A1F6D2BFB0E3500E40986 /* PersonalDetailsVC.swift */,
			);
			path = Controllerss;
			sourceTree = "<group>";
		};
		0BE1F2432B999A6000725AC9 /* LeaveApplication */ = {
			isa = PBXGroup;
			children = (
				0BE1F2442B999AA700725AC9 /* leaveApplicationPopUPViewController.swift */,
				0BE1F2452B999AA700725AC9 /* leaveApplicationPopUPViewController.xib */,
				0BCF62822B9F2C9600A6490C /* ValidationForInputFieldsInPopUp.swift */,
			);
			path = LeaveApplication;
			sourceTree = "<group>";
		};
		0BE317C92B7F81F30082C74B /* Designs */ = {
			isa = PBXGroup;
			children = (
				0BAC6CF42B830C94006FF50F /* DesingsForUIView.swift */,
				0B5E74D62C09ACEA00FEC3D1 /* VariableTextsize.swift */,
				0BBB0B522C117AF4002CE49A /* ResizeTableCell.swift */,
			);
			path = Designs;
			sourceTree = "<group>";
		};
		30CCE3A8904CCA4C7E006110 /* Pods */ = {
			isa = PBXGroup;
			children = (
				EBF45E4249F241EB1F09371C /* Pods-SoftmonksCMSproject.debug.xcconfig */,
				A0515CD74962A27CC59D873C /* Pods-SoftmonksCMSproject.release.xcconfig */,
			);
			path = Pods;
			sourceTree = "<group>";
		};
		F733FE9D364B33A179CD9F9D /* Frameworks */ = {
			isa = PBXGroup;
			children = (
				6F1DCFFF38B3934CDFE5EAC8 /* Pods_SoftmonksCMSproject.framework */,
			);
			name = Frameworks;
			sourceTree = "<group>";
		};
/* End PBXGroup section */

/* Begin PBXNativeTarget section */
		0BE087922B7F62500067102F /* SoftmonksCMSproject */ = {
			isa = PBXNativeTarget;
			buildConfigurationList = 0BE087A72B7F62520067102F /* Build configuration list for PBXNativeTarget "SoftmonksCMSproject" */;
			buildPhases = (
				D90579465C51DE5F3485C553 /* [CP] Check Pods Manifest.lock */,
				0BE0878F2B7F62500067102F /* Sources */,
				0BE087902B7F62500067102F /* Frameworks */,
				0BE087912B7F62500067102F /* Resources */,
				1E65356C817B452F705871EB /* [CP] Embed Pods Frameworks */,
			);
			buildRules = (
			);
			dependencies = (
			);
			name = SoftmonksCMSproject;
			packageProductDependencies = (
				0BCF62852B9F2D7900A6490C /* Algorithms */,
			);
			productName = SoftmonksCMSproject;
			productReference = 0BE087932B7F62500067102F /* SoftmonksCMSproject.app */;
			productType = "com.apple.product-type.application";
		};
/* End PBXNativeTarget section */

/* Begin PBXProject section */
		0BE0878B2B7F62500067102F /* Project object */ = {
			isa = PBXProject;
			attributes = {
				BuildIndependentTargetsInParallel = 1;
				LastSwiftUpdateCheck = 1420;
				LastUpgradeCheck = 1420;
				TargetAttributes = {
					0BE087922B7F62500067102F = {
						CreatedOnToolsVersion = 14.2;
					};
				};
			};
			buildConfigurationList = 0BE0878E2B7F62500067102F /* Build configuration list for PBXProject "SoftmonksCMSproject" */;
			compatibilityVersion = "Xcode 14.0";
			developmentRegion = en;
			hasScannedForEncodings = 0;
			knownRegions = (
				en,
				Base,
			);
			mainGroup = 0BE0878A2B7F62500067102F;
			packageReferences = (
				0BCF62842B9F2D7900A6490C /* XCRemoteSwiftPackageReference "swift-algorithms" */,
			);
			productRefGroup = 0BE087942B7F62500067102F /* Products */;
			projectDirPath = "";
			projectRoot = "";
			targets = (
				0BE087922B7F62500067102F /* SoftmonksCMSproject */,
			);
		};
/* End PBXProject section */

/* Begin PBXResourcesBuildPhase section */
		0BE087912B7F62500067102F /* Resources */ = {
			isa = PBXResourcesBuildPhase;
			buildActionMask = 2147483647;
			files = (
				0B8A1F7B2BFB1C0D00E40986 /* DesignationVC.xib in Resources */,
				0BE087A32B7F62520067102F /* LaunchScreen.storyboard in Resources */,
				0B1CADE62BFF052300B5E5FD /* DesignationTableViewCell.xib in Resources */,
				0BD693482BA4408400FB9327 /* testXIB.xib in Resources */,
				0B4FC3C92B95840C00F69EF1 /* TableViewCell.xib in Resources */,
				0BE1F2472B999AA700725AC9 /* leaveApplicationPopUPViewController.xib in Resources */,
				0B924A5F2BFCC8E6009365DF /* reviewedTableViewCell.xib in Resources */,
				0BE087A02B7F62520067102F /* Assets.xcassets in Resources */,
				0B40316C2BA94FFD005B9489 /* OTPDigitvalidationView.xib in Resources */,
				0B4268E62B8729CE00868118 /* TitleTopView.xib in Resources */,
				0BD693422BA42E3800FB9327 /* ProfileImageCustomeView.xib in Resources */,
				0B8A1F832BFB1E5C00E40986 /* DocumentsVC.xib in Resources */,
				0B405BA02B84A5CE00E6C210 /* CollectionViewCell.xib in Resources */,
				0B2E86892C08565B006FDA8F /* SalaryDetailsViewController.xib in Resources */,
				0B3330BD2BFDD2C10005BE3C /* PersonalDetailsTableViewCell.xib in Resources */,
				0B924A5B2BFCC8DC009365DF /* appliedRequestTableViewCell.xib in Resources */,
				0B2D19622BFF46E400D6EE59 /* ChangePasswordVC.xib in Resources */,
				0B2E868F2C085F60006FDA8F /* SalaryReciptsTableViewCell.xib in Resources */,
				0B8151FC2BA4136500CC74FE /* headingAndPhotoView.xib in Resources */,
				0B8A1F7F2BFB1E4300E40986 /* YourProfileVC.xib in Resources */,
				0BE0879E2B7F62500067102F /* Main.storyboard in Resources */,
				0B3B350A2C00633900225C1D /* PasswordVarificationPopUpVC.xib in Resources */,
				0B2E86852C08478A006FDA8F /* DocumentsTableCell.xib in Resources */,
			);
			runOnlyForDeploymentPostprocessing = 0;
		};
/* End PBXResourcesBuildPhase section */

/* Begin PBXShellScriptBuildPhase section */
		1E65356C817B452F705871EB /* [CP] Embed Pods Frameworks */ = {
			isa = PBXShellScriptBuildPhase;
			buildActionMask = 2147483647;
			files = (
			);
			inputFileListPaths = (
				"${PODS_ROOT}/Target Support Files/Pods-SoftmonksCMSproject/Pods-SoftmonksCMSproject-frameworks-${CONFIGURATION}-input-files.xcfilelist",
			);
			name = "[CP] Embed Pods Frameworks";
			outputFileListPaths = (
				"${PODS_ROOT}/Target Support Files/Pods-SoftmonksCMSproject/Pods-SoftmonksCMSproject-frameworks-${CONFIGURATION}-output-files.xcfilelist",
			);
			runOnlyForDeploymentPostprocessing = 0;
			shellPath = /bin/sh;
			shellScript = "\"${PODS_ROOT}/Target Support Files/Pods-SoftmonksCMSproject/Pods-SoftmonksCMSproject-frameworks.sh\"\n";
			showEnvVarsInLog = 0;
		};
		D90579465C51DE5F3485C553 /* [CP] Check Pods Manifest.lock */ = {
			isa = PBXShellScriptBuildPhase;
			buildActionMask = 2147483647;
			files = (
			);
			inputFileListPaths = (
			);
			inputPaths = (
				"${PODS_PODFILE_DIR_PATH}/Podfile.lock",
				"${PODS_ROOT}/Manifest.lock",
			);
			name = "[CP] Check Pods Manifest.lock";
			outputFileListPaths = (
			);
			outputPaths = (
				"$(DERIVED_FILE_DIR)/Pods-SoftmonksCMSproject-checkManifestLockResult.txt",
			);
			runOnlyForDeploymentPostprocessing = 0;
			shellPath = /bin/sh;
			shellScript = "diff \"${PODS_PODFILE_DIR_PATH}/Podfile.lock\" \"${PODS_ROOT}/Manifest.lock\" > /dev/null\nif [ $? != 0 ] ; then\n    # print error to STDERR\n    echo \"error: The sandbox is not in sync with the Podfile.lock. Run 'pod install' or update your CocoaPods installation.\" >&2\n    exit 1\nfi\n# This output is used by Xcode 'outputs' to avoid re-running this script phase.\necho \"SUCCESS\" > \"${SCRIPT_OUTPUT_FILE_0}\"\n";
			showEnvVarsInLog = 0;
		};
/* End PBXShellScriptBuildPhase section */

/* Begin PBXSourcesBuildPhase section */
		0BE0878F2B7F62500067102F /* Sources */ = {
			isa = PBXSourcesBuildPhase;
			buildActionMask = 2147483647;
			files = (
				0B4FC3C82B95840C00F69EF1 /* TableViewCell.swift in Sources */,
				0B5E74D72C09ACEA00FEC3D1 /* VariableTextsize.swift in Sources */,
				0BE0879B2B7F62500067102F /* LoginVC.swift in Sources */,
				0B857DCE2BA313FE00513680 /* ForgotPasswordViewController.swift in Sources */,
				0B61BF1B2C04928C00F2404F /* imageAPI.swift in Sources */,
				0BCF62832B9F2C9600A6490C /* ValidationForInputFieldsInPopUp.swift in Sources */,
				0BCC36372BC9487D0025DED0 /* homeNavigationViewController.swift in Sources */,
				0B924A592BFCC8D7009365DF /* appliedRequestTableViewCell.swift in Sources */,
				0B2E868E2C085F60006FDA8F /* SalaryReciptsTableViewCell.swift in Sources */,
				0B8A1F6E2BFB0E3500E40986 /* PersonalDetailsVC.swift in Sources */,
				0B4268E82B8729E600868118 /* TitleTopView.swift in Sources */,
				0BC6190F2B871012005F0DCB /* CheckCounterVC.swift in Sources */,
				0B7DBCE32B836BAD0072EF55 /* ProfileMenuVC.swift in Sources */,
				0BA1E7302B96ED5A00BB3B70 /* DataService.swift in Sources */,
				0BBB0B532C117AF4002CE49A /* ResizeTableCell.swift in Sources */,
				0B7DBCE52B8379790072EF55 /* UIExtensions.swift in Sources */,
				0BCC36392BC953DD0025DED0 /* MainMenuNavigationViewController.swift in Sources */,
				0B3B35092C00633900225C1D /* PasswordVarificationPopUpVC.swift in Sources */,
				0B2D19612BFF46E400D6EE59 /* ChangePasswordVC.swift in Sources */,
				0BA1E72E2B96E9AB00BB3B70 /* LeaveRequest.swift in Sources */,
				0B8A1F7A2BFB1C0D00E40986 /* DesignationVC.swift in Sources */,
				0B2E86842C08478A006FDA8F /* DocumentsTableCell.swift in Sources */,
				0BAC6CF82B831788006FF50F /* FooterLogoDisplayable.swift in Sources */,
				0B4031722BA96CDF005B9489 /* otptest.swift in Sources */,
				0B405B9F2B84A5CE00E6C210 /* CollectionViewCell.swift in Sources */,
				0B7DBCE12B8352D90072EF55 /* LoginValidation.swift in Sources */,
				0B2E86882C08565B006FDA8F /* SalaryDetailsViewController.swift in Sources */,
				0BAC6CF52B830C94006FF50F /* DesingsForUIView.swift in Sources */,
				0B98638C2BA8270C003EAB50 /* PasswordResetCompletionVC.swift in Sources */,
				0BD693442BA42EF300FB9327 /* ProfileImageCustomeView.swift in Sources */,
				0B52A7F22B85E74200FE0CAF /* menuIteam.swift in Sources */,
				0B4031762BA9B273005B9489 /* NewPasswordVC.swift in Sources */,
				0BE087972B7F62500067102F /* AppDelegate.swift in Sources */,
				0B8A1F822BFB1E5C00E40986 /* DocumentsVC.swift in Sources */,
				0BE1F2462B999AA700725AC9 /* leaveApplicationPopUPViewController.swift in Sources */,
				0B3F2FB32C05A85D0082E748 /* APICallFunctions.swift in Sources */,
				0B1CADE82BFF11D000B5E5FD /* DesignationsData.swift in Sources */,
				0BE087992B7F62500067102F /* SceneDelegate.swift in Sources */,
				0B7580662BA83E4D00366E7C /* VerificationViewController.swift in Sources */,
				0B8151FA2BA4133F00CC74FE /* headingAndPhotoView.swift in Sources */,
				0B3330B82BFDD11E0005BE3C /* PersonalDetials.swift in Sources */,
				0B40316A2BA94FC6005B9489 /* OTPDigitvalidationView.swift in Sources */,
				0B40F41B2B91E31A0041C00B /* LeaveRequestVC.swift in Sources */,
				0B8A1F7E2BFB1E4300E40986 /* YourProfileVC.swift in Sources */,
				0B3330BC2BFDD2C10005BE3C /* PersonalDetailsTableViewCell.swift in Sources */,
				0B5E7BA42BC3FD63007982A4 /* loginCheck.swift in Sources */,
				0B1CADE52BFF052300B5E5FD /* DesignationTableViewCell.swift in Sources */,
				0B924A5D2BFCC8E1009365DF /* reviewedTableViewCell.swift in Sources */,
				0BC9579B2B9098DE00F1664D /* LogManager.swift in Sources */,
				0BCCBDD02BCFD5DB00BFC948 /* checkCounterModel.swift in Sources */,
				0BCCBDD32BCFE72700BFC948 /* constants.swift in Sources */,
			);
			runOnlyForDeploymentPostprocessing = 0;
		};
/* End PBXSourcesBuildPhase section */

/* Begin PBXVariantGroup section */
		0BE0879C2B7F62500067102F /* Main.storyboard */ = {
			isa = PBXVariantGroup;
			children = (
				0BE0879D2B7F62500067102F /* Base */,
			);
			name = Main.storyboard;
			sourceTree = "<group>";
		};
		0BE087A12B7F62520067102F /* LaunchScreen.storyboard */ = {
			isa = PBXVariantGroup;
			children = (
				0BE087A22B7F62520067102F /* Base */,
			);
			name = LaunchScreen.storyboard;
			sourceTree = "<group>";
		};
/* End PBXVariantGroup section */

/* Begin XCBuildConfiguration section */
		0BE087A52B7F62520067102F /* Debug */ = {
			isa = XCBuildConfiguration;
			buildSettings = {
				ALWAYS_SEARCH_USER_PATHS = NO;
				CLANG_ANALYZER_NONNULL = YES;
				CLANG_ANALYZER_NUMBER_OBJECT_CONVERSION = YES_AGGRESSIVE;
				CLANG_CXX_LANGUAGE_STANDARD = "gnu++20";
				CLANG_ENABLE_MODULES = YES;
				CLANG_ENABLE_OBJC_ARC = YES;
				CLANG_ENABLE_OBJC_WEAK = YES;
				CLANG_WARN_BLOCK_CAPTURE_AUTORELEASING = YES;
				CLANG_WARN_BOOL_CONVERSION = YES;
				CLANG_WARN_COMMA = YES;
				CLANG_WARN_CONSTANT_CONVERSION = YES;
				CLANG_WARN_DEPRECATED_OBJC_IMPLEMENTATIONS = YES;
				CLANG_WARN_DIRECT_OBJC_ISA_USAGE = YES_ERROR;
				CLANG_WARN_DOCUMENTATION_COMMENTS = YES;
				CLANG_WARN_EMPTY_BODY = YES;
				CLANG_WARN_ENUM_CONVERSION = YES;
				CLANG_WARN_INFINITE_RECURSION = YES;
				CLANG_WARN_INT_CONVERSION = YES;
				CLANG_WARN_NON_LITERAL_NULL_CONVERSION = YES;
				CLANG_WARN_OBJC_IMPLICIT_RETAIN_SELF = YES;
				CLANG_WARN_OBJC_LITERAL_CONVERSION = YES;
				CLANG_WARN_OBJC_ROOT_CLASS = YES_ERROR;
				CLANG_WARN_QUOTED_INCLUDE_IN_FRAMEWORK_HEADER = YES;
				CLANG_WARN_RANGE_LOOP_ANALYSIS = YES;
				CLANG_WARN_STRICT_PROTOTYPES = YES;
				CLANG_WARN_SUSPICIOUS_MOVE = YES;
				CLANG_WARN_UNGUARDED_AVAILABILITY = YES_AGGRESSIVE;
				CLANG_WARN_UNREACHABLE_CODE = YES;
				CLANG_WARN__DUPLICATE_METHOD_MATCH = YES;
				COPY_PHASE_STRIP = NO;
				DEBUG_INFORMATION_FORMAT = dwarf;
				ENABLE_STRICT_OBJC_MSGSEND = YES;
				ENABLE_TESTABILITY = YES;
				GCC_C_LANGUAGE_STANDARD = gnu11;
				GCC_DYNAMIC_NO_PIC = NO;
				GCC_NO_COMMON_BLOCKS = YES;
				GCC_OPTIMIZATION_LEVEL = 0;
				GCC_PREPROCESSOR_DEFINITIONS = (
					"DEBUG=1",
					"$(inherited)",
				);
				GCC_WARN_64_TO_32_BIT_CONVERSION = YES;
				GCC_WARN_ABOUT_RETURN_TYPE = YES_ERROR;
				GCC_WARN_UNDECLARED_SELECTOR = YES;
				GCC_WARN_UNINITIALIZED_AUTOS = YES_AGGRESSIVE;
				GCC_WARN_UNUSED_FUNCTION = YES;
				GCC_WARN_UNUSED_VARIABLE = YES;
				IPHONEOS_DEPLOYMENT_TARGET = 16.2;
				MTL_ENABLE_DEBUG_INFO = INCLUDE_SOURCE;
				MTL_FAST_MATH = YES;
				ONLY_ACTIVE_ARCH = YES;
				SDKROOT = iphoneos;
				SWIFT_ACTIVE_COMPILATION_CONDITIONS = DEBUG;
				SWIFT_OPTIMIZATION_LEVEL = "-Onone";
			};
			name = Debug;
		};
		0BE087A62B7F62520067102F /* Release */ = {
			isa = XCBuildConfiguration;
			buildSettings = {
				ALWAYS_SEARCH_USER_PATHS = NO;
				CLANG_ANALYZER_NONNULL = YES;
				CLANG_ANALYZER_NUMBER_OBJECT_CONVERSION = YES_AGGRESSIVE;
				CLANG_CXX_LANGUAGE_STANDARD = "gnu++20";
				CLANG_ENABLE_MODULES = YES;
				CLANG_ENABLE_OBJC_ARC = YES;
				CLANG_ENABLE_OBJC_WEAK = YES;
				CLANG_WARN_BLOCK_CAPTURE_AUTORELEASING = YES;
				CLANG_WARN_BOOL_CONVERSION = YES;
				CLANG_WARN_COMMA = YES;
				CLANG_WARN_CONSTANT_CONVERSION = YES;
				CLANG_WARN_DEPRECATED_OBJC_IMPLEMENTATIONS = YES;
				CLANG_WARN_DIRECT_OBJC_ISA_USAGE = YES_ERROR;
				CLANG_WARN_DOCUMENTATION_COMMENTS = YES;
				CLANG_WARN_EMPTY_BODY = YES;
				CLANG_WARN_ENUM_CONVERSION = YES;
				CLANG_WARN_INFINITE_RECURSION = YES;
				CLANG_WARN_INT_CONVERSION = YES;
				CLANG_WARN_NON_LITERAL_NULL_CONVERSION = YES;
				CLANG_WARN_OBJC_IMPLICIT_RETAIN_SELF = YES;
				CLANG_WARN_OBJC_LITERAL_CONVERSION = YES;
				CLANG_WARN_OBJC_ROOT_CLASS = YES_ERROR;
				CLANG_WARN_QUOTED_INCLUDE_IN_FRAMEWORK_HEADER = YES;
				CLANG_WARN_RANGE_LOOP_ANALYSIS = YES;
				CLANG_WARN_STRICT_PROTOTYPES = YES;
				CLANG_WARN_SUSPICIOUS_MOVE = YES;
				CLANG_WARN_UNGUARDED_AVAILABILITY = YES_AGGRESSIVE;
				CLANG_WARN_UNREACHABLE_CODE = YES;
				CLANG_WARN__DUPLICATE_METHOD_MATCH = YES;
				COPY_PHASE_STRIP = NO;
				DEBUG_INFORMATION_FORMAT = "dwarf-with-dsym";
				ENABLE_NS_ASSERTIONS = NO;
				ENABLE_STRICT_OBJC_MSGSEND = YES;
				GCC_C_LANGUAGE_STANDARD = gnu11;
				GCC_NO_COMMON_BLOCKS = YES;
				GCC_WARN_64_TO_32_BIT_CONVERSION = YES;
				GCC_WARN_ABOUT_RETURN_TYPE = YES_ERROR;
				GCC_WARN_UNDECLARED_SELECTOR = YES;
				GCC_WARN_UNINITIALIZED_AUTOS = YES_AGGRESSIVE;
				GCC_WARN_UNUSED_FUNCTION = YES;
				GCC_WARN_UNUSED_VARIABLE = YES;
				IPHONEOS_DEPLOYMENT_TARGET = 16.2;
				MTL_ENABLE_DEBUG_INFO = NO;
				MTL_FAST_MATH = YES;
				SDKROOT = iphoneos;
				SWIFT_COMPILATION_MODE = wholemodule;
				SWIFT_OPTIMIZATION_LEVEL = "-O";
				VALIDATE_PRODUCT = YES;
			};
			name = Release;
		};
		0BE087A82B7F62520067102F /* Debug */ = {
			isa = XCBuildConfiguration;
			baseConfigurationReference = EBF45E4249F241EB1F09371C /* Pods-SoftmonksCMSproject.debug.xcconfig */;
			buildSettings = {
				ASSETCATALOG_COMPILER_APPICON_NAME = AppIcon;
				ASSETCATALOG_COMPILER_GLOBAL_ACCENT_COLOR_NAME = AccentColor;
				CODE_SIGN_STYLE = Automatic;
				CURRENT_PROJECT_VERSION = 1;
				GENERATE_INFOPLIST_FILE = YES;
				INFOPLIST_FILE = SoftmonksCMSproject/Info.plist;
				INFOPLIST_KEY_UIApplicationSupportsIndirectInputEvents = YES;
				INFOPLIST_KEY_UILaunchStoryboardName = LaunchScreen;
				INFOPLIST_KEY_UIMainStoryboardFile = Main;
				INFOPLIST_KEY_UISupportedInterfaceOrientations_iPad = "UIInterfaceOrientationPortrait UIInterfaceOrientationPortraitUpsideDown UIInterfaceOrientationLandscapeLeft UIInterfaceOrientationLandscapeRight";
				INFOPLIST_KEY_UISupportedInterfaceOrientations_iPhone = "UIInterfaceOrientationPortrait UIInterfaceOrientationLandscapeLeft UIInterfaceOrientationLandscapeRight";
				LD_RUNPATH_SEARCH_PATHS = (
					"$(inherited)",
					"@executable_path/Frameworks",
				);
				MARKETING_VERSION = 1.0;
				PRODUCT_BUNDLE_IDENTIFIER = com.softmonks.SoftmonksCMSproject;
				PRODUCT_NAME = "$(TARGET_NAME)";
				SWIFT_EMIT_LOC_STRINGS = YES;
				SWIFT_VERSION = 5.0;
				TARGETED_DEVICE_FAMILY = "1,2";
			};
			name = Debug;
		};
		0BE087A92B7F62520067102F /* Release */ = {
			isa = XCBuildConfiguration;
			baseConfigurationReference = A0515CD74962A27CC59D873C /* Pods-SoftmonksCMSproject.release.xcconfig */;
			buildSettings = {
				ASSETCATALOG_COMPILER_APPICON_NAME = AppIcon;
				ASSETCATALOG_COMPILER_GLOBAL_ACCENT_COLOR_NAME = AccentColor;
				CODE_SIGN_STYLE = Automatic;
				CURRENT_PROJECT_VERSION = 1;
				GENERATE_INFOPLIST_FILE = YES;
				INFOPLIST_FILE = SoftmonksCMSproject/Info.plist;
				INFOPLIST_KEY_UIApplicationSupportsIndirectInputEvents = YES;
				INFOPLIST_KEY_UILaunchStoryboardName = LaunchScreen;
				INFOPLIST_KEY_UIMainStoryboardFile = Main;
				INFOPLIST_KEY_UISupportedInterfaceOrientations_iPad = "UIInterfaceOrientationPortrait UIInterfaceOrientationPortraitUpsideDown UIInterfaceOrientationLandscapeLeft UIInterfaceOrientationLandscapeRight";
				INFOPLIST_KEY_UISupportedInterfaceOrientations_iPhone = "UIInterfaceOrientationPortrait UIInterfaceOrientationLandscapeLeft UIInterfaceOrientationLandscapeRight";
				LD_RUNPATH_SEARCH_PATHS = (
					"$(inherited)",
					"@executable_path/Frameworks",
				);
				MARKETING_VERSION = 1.0;
				PRODUCT_BUNDLE_IDENTIFIER = com.softmonks.SoftmonksCMSproject;
				PRODUCT_NAME = "$(TARGET_NAME)";
				SWIFT_EMIT_LOC_STRINGS = YES;
				SWIFT_VERSION = 5.0;
				TARGETED_DEVICE_FAMILY = "1,2";
			};
			name = Release;
		};
/* End XCBuildConfiguration section */

/* Begin XCConfigurationList section */
		0BE0878E2B7F62500067102F /* Build configuration list for PBXProject "SoftmonksCMSproject" */ = {
			isa = XCConfigurationList;
			buildConfigurations = (
				0BE087A52B7F62520067102F /* Debug */,
				0BE087A62B7F62520067102F /* Release */,
			);
			defaultConfigurationIsVisible = 0;
			defaultConfigurationName = Release;
		};
		0BE087A72B7F62520067102F /* Build configuration list for PBXNativeTarget "SoftmonksCMSproject" */ = {
			isa = XCConfigurationList;
			buildConfigurations = (
				0BE087A82B7F62520067102F /* Debug */,
				0BE087A92B7F62520067102F /* Release */,
			);
			defaultConfigurationIsVisible = 0;
			defaultConfigurationName = Release;
		};
/* End XCConfigurationList section */

/* Begin XCRemoteSwiftPackageReference section */
		0BCF62842B9F2D7900A6490C /* XCRemoteSwiftPackageReference "swift-algorithms" */ = {
			isa = XCRemoteSwiftPackageReference;
			repositoryURL = "https://github.com/apple/swift-algorithms.git";
			requirement = {
				kind = upToNextMajorVersion;
				minimumVersion = 1.0.0;
			};
		};
/* End XCRemoteSwiftPackageReference section */

/* Begin XCSwiftPackageProductDependency section */
		0BCF62852B9F2D7900A6490C /* Algorithms */ = {
			isa = XCSwiftPackageProductDependency;
			package = 0BCF62842B9F2D7900A6490C /* XCRemoteSwiftPackageReference "swift-algorithms" */;
			productName = Algorithms;
		};
/* End XCSwiftPackageProductDependency section */
	};
	rootObject = 0BE0878B2B7F62500067102F /* Project object */;
}
